version: 7
platforms:
- name: linux-64
  virtual-packages:
  - __unix=0=0
  - __linux=4.18
  - __glibc=2.28
  - __archspec=0=x86_64
environments:
  default:
    channels:
    - url: https://conda.anaconda.org/conda-forge/
    packages:
      linux-64:
      - conda: https://conda.anaconda.org/conda-forge/linux-64/_openmp_mutex-4.5-8_kmp_llvm.conda
      - conda: https://conda.anaconda.org/conda-forge/linux-64/bzip2-1.0.8-hda65f42_10.conda
      - conda: https://conda.anaconda.org/conda-forge/linux-64/fmt-12.1.0-h76c4fd7_1.conda
      - conda: https://conda.anaconda.org/conda-forge/linux-64/gmp-6.3.0-hfd2156b_3.conda
      - conda: https://conda.anaconda.org/conda-forge/linux-64/gmpy2-2.3.1-py314h1867f89_0.conda
      - conda: https://conda.anaconda.org/conda-forge/linux-64/icu-78.3-py310h44b86e0_2.conda
      - conda: https://conda.anaconda.org/conda-forge/linux-64/ld_impl_linux-64-2.46.1-default_hbd61a6d_102.conda
      - conda: https://conda.anaconda.org/conda-forge/linux-64/libabseil-20260526.0-cxx17_h0dc7533_2.conda
      - conda: https://conda.anaconda.org/conda-forge/linux-64/libblas-3.11.0-10_h5875eb1_mkl.conda
      - conda: https://conda.anaconda.org/conda-forge/linux-64/libcblas-3.11.0-10_hfef963f_mkl.conda
      - conda: https://conda.anaconda.org/conda-forge/linux-64/libexpat-2.8.1-hecca717_1.conda
      - conda: https://conda.anaconda.org/conda-forge/linux-64/libffi-3.7.0-h81df57d_1.conda
      - conda: https://conda.anaconda.org/conda-forge/linux-64/libgcc-16.2.0-ha9f2e26_4.conda
      - conda: https://conda.anaconda.org/conda-forge/linux-64/libgfortran-16.2.0-h69a702a_4.conda
      - conda: https://conda.anaconda.org/conda-forge/linux-64/libgfortran5-16.2.0-h6b99dfc_4.conda
      - conda: https://conda.anaconda.org/conda-forge/linux-64/libhwloc-2.13.0-default_he001693_1000.conda
      - conda: https://conda.anaconda.org/conda-forge/linux-64/libiconv-1.18-h0cb94f2_3.conda
      - conda: https://conda.anaconda.org/conda-forge/linux-64/liblapack-3.11.0-10_h5e43f62_mkl.conda
      - conda: https://conda.anaconda.org/conda-forge/linux-64/liblzma-5.8.3-hb03c661_1.conda
      - conda: https://conda.anaconda.org/conda-forge/linux-64/libmpdec-4.0.0-hb03c661_2.conda
      - conda: https://conda.anaconda.org/conda-forge/linux-64/libprotobuf-7.35.1-h622638d_3.conda
      - conda: https://conda.anaconda.org/conda-forge/linux-64/libpython-3.14.7-hdc7f604_106_cp314.conda
      - conda: https://conda.anaconda.org/conda-forge/linux-64/libsqlite-3.53.4-h13e7031_1.conda
      - conda: https://conda.anaconda.org/conda-forge/linux-64/libstdcxx-16.2.0-h934c35e_4.conda
      - conda: https://conda.anaconda.org/conda-forge/linux-64/libtorch-2.13.0-cpu_mkl_h40bd1c6_102.conda
      - conda: https://conda.anaconda.org/conda-forge/linux-64/libuuid-2.42.3-hcfc3c73_0.conda
      - conda: https://conda.anaconda.org/conda-forge/linux-64/libuv-1.52.1-h280c20c_1.conda
      - conda: https://conda.anaconda.org/conda-forge/linux-64/libxml2-16-2.15.3-hca6bf5a_1.conda
      - conda: https://conda.anaconda.org/conda-forge/linux-64/libxml2-2.15.3-h49c6c72_1.conda
      - conda: https://conda.anaconda.org/conda-forge/linux-64/libzlib-1.3.2-h25fd6f3_3.conda
      - conda: https://conda.anaconda.org/conda-forge/linux-64/llvm-openmp-23.1.0-h7148c6a_0.conda
      - conda: https://conda.anaconda.org/conda-forge/linux-64/markupsafe-3.0.3-py314h67df5f8_1.conda
      - conda: https://conda.anaconda.org/conda-forge/linux-64/mkl-2026.1.0-hd2095e1_245.conda
      - conda: https://conda.anaconda.org/conda-forge/linux-64/mpc-1.4.0-ha2cb11d_1.conda
      - conda: https://conda.anaconda.org/conda-forge/linux-64/mpfr-4.2.2-ha2cb11d_1.conda
      - conda: https://conda.anaconda.org/conda-forge/linux-64/ncurses-6.6-hdb14827_1.conda
      - conda: https://conda.anaconda.org/conda-forge/linux-64/numpy-2.5.2-py314hd3a7d6b_1.conda
      - conda: https://conda.anaconda.org/conda-forge/linux-64/onednn-3.12-omp_h83de36e_0.conda
      - conda: https://conda.anaconda.org/conda-forge/linux-64/openssl-3.6.4-h781a0a9_0.conda
      - conda: https://conda.anaconda.org/conda-forge/linux-64/optree-0.20.0-py314hb3b7642_0.conda
      - conda: https://conda.anaconda.org/conda-forge/linux-64/python-3.14.7-hcd007b5_106_cp314.conda
      - conda: https://conda.anaconda.org/conda-forge/linux-64/pytorch-2.13.0-cpu_mkl_py314_hf0508d8_102.conda
      - conda: https://conda.anaconda.org/conda-forge/linux-64/pytorch-cpu-2.13.0-cpu_mkl_hd61e0f4_102.conda
      - conda: https://conda.anaconda.org/conda-forge/linux-64/readline-8.3-hd6e31c0_1.conda
      - conda: https://conda.anaconda.org/conda-forge/linux-64/scipy-1.18.0-py314hf07bd8e_0.conda
      - conda: https://conda.anaconda.org/conda-forge/linux-64/sleef-3.9.0-ha0421bc_0.conda
      - conda: https://conda.anaconda.org/conda-forge/linux-64/tbb-2023.0.0-hab88423_2.conda
      - conda: https://conda.anaconda.org/conda-forge/linux-64/tk-8.6.13-noxft_h1df4ec4_4.conda
      - conda: https://conda.anaconda.org/conda-forge/linux-64/zstd-1.5.7-hb78ec9c_7.conda
      - conda: https://conda.anaconda.org/conda-forge/noarch/ca-certificates-2026.7.22-hbd8a1cb_0.conda
      - conda: https://conda.anaconda.org/conda-forge/noarch/colorama-0.4.6-pyhd8ed1ab_1.conda
      - conda: https://conda.anaconda.org/conda-forge/noarch/cpython-3.14.7-py314hd8ed1ab_106.conda
      - conda: https://conda.anaconda.org/conda-forge/noarch/exceptiongroup-1.3.1-pyhd8ed1ab_0.conda
      - conda: https://conda.anaconda.org/conda-forge/noarch/filelock-3.32.5-pyhd8ed1ab_0.conda
      - conda: https://conda.anaconda.org/conda-forge/noarch/fsspec-2026.7.0-pyhd8ed1ab_0.conda
      - conda: https://conda.anaconda.org/conda-forge/noarch/iniconfig-2.3.0-pyhd8ed1ab_0.conda
      - conda: https://conda.anaconda.org/conda-forge/noarch/jinja2-3.1.6-pyhcf101f3_1.conda
      - conda: https://conda.anaconda.org/conda-forge/noarch/mpmath-1.4.1-pyhd8ed1ab_0.conda
      - conda: https://conda.anaconda.org/conda-forge/noarch/networkx-3.6.1-pyhcf101f3_0.conda
      - conda: https://conda.anaconda.org/conda-forge/noarch/packaging-26.3-pyhc364b38_0.conda
      - conda: https://conda.anaconda.org/conda-forge/noarch/pluggy-1.6.0-pyhf9edf01_1.conda
      - conda: https://conda.anaconda.org/conda-forge/noarch/pybind11-3.0.4-pyh293190f_0.conda
      - conda: https://conda.anaconda.org/conda-forge/noarch/pybind11-abi-11-hc364b38_1.conda
      - conda: https://conda.anaconda.org/conda-forge/noarch/pybind11-global-3.0.4-pyh648e204_0.conda
      - conda: https://conda.anaconda.org/conda-forge/noarch/pygments-2.21.0-pyhcf101f3_0.conda
      - conda: https://conda.anaconda.org/conda-forge/noarch/pytest-9.1.1-pyhc364b38_2.conda
      - conda: https://conda.anaconda.org/conda-forge/noarch/python_abi-3.14-9_cp314.conda
      - conda: https://conda.anaconda.org/conda-forge/noarch/setuptools-81.0.0-pyh332efcf_0.conda
      - conda: https://conda.anaconda.org/conda-forge/noarch/sympy-1.14.0-pyh2585a3b_106.conda
      - conda: https://conda.anaconda.org/conda-forge/noarch/tomli-2.4.1-pyhcf101f3_0.conda
      - conda: https://conda.anaconda.org/conda-forge/noarch/tqdm-4.70.0-pyh8f84b5b_0.conda
      - conda: https://conda.anaconda.org/conda-forge/noarch/typing-extensions-4.16.0-h69aa097_0.conda
      - conda: https://conda.anaconda.org/conda-forge/noarch/typing_extensions-4.16.0-pyhcf101f3_0.conda
      - conda: https://conda.anaconda.org/conda-forge/noarch/tzdata-2026c-h151e31d_0.conda
packages:
- conda: https://conda.anaconda.org/conda-forge/linux-64/_openmp_mutex-4.5-8_kmp_llvm.conda
  build_number: 8
  sha256: b8de006376660eb12c7fc40803c97e1480bf4bc1253f0d59694b12f81b52fe14
  md5: b4d1b93dd1dab4eea23395fd5e5b357d
  depends:
  - llvm-openmp >=9.0.1
  license: BSD-3-Clause
  license_family: BSD
  run_exports:
    weak:
    - _openmp_mutex >=4.5
  size: 8050
  timestamp: 1788046427177
- conda: https://conda.anaconda.org/conda-forge/linux-64/bzip2-1.0.8-hda65f42_10.conda
  sha256: 1a0d382c515ebf55f8ee1f38c8b81bc95af5c2acc42ad53b66bc5df932032f96
  md5: e675fabcf81499adc7edf58124fb1e01
  depends:
  - __glibc >=2.17,<3.0.a0
  - libgcc >=14
  license: bzip2-1.0.6
  license_family: BSD
  run_exports:
    weak:
    - bzip2 >=1.0.8,<2.0a0
  size: 257808
  timestamp: 1785906269155
- conda: https://conda.anaconda.org/conda-forge/linux-64/fmt-12.1.0-h76c4fd7_1.conda
  sha256: 25d14a197601fdd616f2e501431b52887e69b31e7defbc1679381d718357ceb7
  md5: a70bb6d42ad121aef456e0007e92bed6
  depends:
  - __glibc >=2.17,<3.0.a0
  - libgcc >=14
  - libstdcxx >=14
  license: MIT
  license_family: MIT
  run_exports:
    weak:
    - fmt >=12.1.0,<12.2.0a0
  size: 199072
  timestamp: 1785915412102
- conda: https://conda.anaconda.org/conda-forge/linux-64/gmp-6.3.0-hfd2156b_3.conda
  sha256: f36c336efc874f346a53a9011f67e997f9faac505562cc18c13b6d399cfe61c7
  md5: 576e32739f323438bf69ab006c21be7b
  depends:
  - __glibc >=2.17,<3.0.a0
  - libgcc >=14
  - libstdcxx >=14
  license: GPL-2.0-or-later OR LGPL-3.0-or-later
  run_exports:
    weak:
    - gmp >=6.3.0,<7.0a0
  size: 493498
  timestamp: 1786629164954
- conda: https://conda.anaconda.org/conda-forge/linux-64/gmpy2-2.3.1-py314h1867f89_0.conda
  sha256: 921f4989aef6655e68bb6a1ae08ff3f6fdc6a5b78af23c27a7f1048836b7a79f
  md5: 384344c55a63087429bc64305e547031
  depends:
  - python
  - libgcc >=15
  - __glibc >=2.17,<3.0.a0
  - mpfr >=4.2.2,<5.0a0
  - python_abi 3.14.* *_cp314
  - mpc >=1.4.0,<2.0a0
  - gmp >=6.3.0,<7.0a0
  license: LGPL-3.0-or-later
  license_family: LGPL
  run_exports: {}
  size: 327378
  timestamp: 1787066352455
- conda: https://conda.anaconda.org/conda-forge/linux-64/icu-78.3-py310h44b86e0_2.conda
  sha256: 9f07834f0c546ab14d885ce0366285f61f44e326c0edd1fc63b8294e113ae432
  md5: 72a381cbad04f24b1c2a43ef707f45b4
  depends:
  - __glibc >=2.17,<3.0.a0
  - libstdcxx >=14
  - libgcc >=14
  license: MIT
  license_family: MIT
  run_exports:
    weak:
    - icu >=78.3,<79.0a0
  size: 14459115
  timestamp: 1786545741408
- conda: https://conda.anaconda.org/conda-forge/linux-64/ld_impl_linux-64-2.46.1-default_hbd61a6d_102.conda
  sha256: 27d83f1188cd19bcb7754a078b3fa7f4cfb8527f8eb2fde54dd01fc529d1adec
  md5: 449500f2c089da11c40f5c21312e3e07
  depends:
  - __glibc >=2.17,<3.0.a0
  - zstd >=1.5.7,<1.6.0a0
  constrains:
  - binutils_impl_linux-64 2.46.1
  license: GPL-3.0-only
  license_family: GPL
  run_exports: {}
  size: 745303
  timestamp: 1784214507189
- conda: https://conda.anaconda.org/conda-forge/linux-64/libabseil-20260526.0-cxx17_h0dc7533_2.conda
  sha256: 7bb3d495411b7059e85225aae500d84e7846a4bb02ebd77e4450200b20c180f0
  md5: 6983bfe8e09992014b9cf393769c7a84
  depends:
  - __glibc >=2.17,<3.0.a0
  - libgcc >=14
  - libstdcxx >=14
  constrains:
  - abseil-cpp =20260526.0
  - libabseil-static =20260526.0=cxx17*
  license: Apache-2.0
  license_family: Apache
  run_exports:
    weak:
    - libabseil >=20260526.0,<20260527.0a0
    - libabseil =*=cxx17*
  size: 1436888
  timestamp: 1787217011773
- conda: https://conda.anaconda.org/conda-forge/linux-64/libblas-3.11.0-10_h5875eb1_mkl.conda
  build_number: 10
  sha256: 15b4c82e8c1d9f4a609890c8f5409fa42230da29cd91affdeb4d41906549aa1d
  md5: fe1a5ccbcba308212c58f9a8059c4b5a
  depends:
  - mkl >=2026.1.0,<2027.0a0
  constrains:
  - blas 2.310   mkl
  - libcblas   3.11.0   10*_mkl
  - liblapack  3.11.0   10*_mkl
  - liblapacke 3.11.0   10*_mkl
  track_features:
  - blas_mkl
  - blas_mkl_2
  license: BSD-3-Clause
  license_family: BSD
  run_exports:
    weak:
    - libblas >=3.11.0,<4.0a0
  size: 18477
  timestamp: 1788077004663
- conda: https://conda.anaconda.org/conda-forge/linux-64/libcblas-3.11.0-10_hfef963f_mkl.conda
  build_number: 10
  sha256: 77d5ffec523f85f627df251aae2eefa23518d4eec36dd045e0d40dddc80d69cf
  md5: 5447c2bbf73e2e83d14cfa43717f0c14
  depends:
  - libblas 3.11.0 10_h5875eb1_mkl
  constrains:
  - blas 2.310   mkl
  - liblapack  3.11.0   10*_mkl
  - liblapacke 3.11.0   10*_mkl
  track_features:
  - blas_mkl
  license: BSD-3-Clause
  license_family: BSD
  run_exports:
    weak:
    - libcblas >=3.11.0,<4.0a0
  size: 18127
  timestamp: 1788077011041
- conda: https://conda.anaconda.org/conda-forge/linux-64/libexpat-2.8.1-hecca717_1.conda
  sha256: 16feffd9ddbbe5b718515d38ee376c685ba95491cd901244e24671d20b952a77
  md5: b24d3c612f71e7aa74158d92106318b2
  depends:
  - __glibc >=2.17,<3.0.a0
  - libgcc >=14
  constrains:
  - expat 2.8.1.*
  license: MIT
  license_family: MIT
  run_exports: {}
  size: 77856
  timestamp: 1781203599810
- conda: https://conda.anaconda.org/conda-forge/linux-64/libffi-3.7.0-h81df57d_1.conda
  sha256: c8c7583ef063bc3c430f1d48298e5ad24f796a35c22ed5b14183325825a61106
  md5: 6525a0b06aa4fd390795f0740636a9dd
  depends:
  - __glibc >=2.17,<3.0.a0
  - libgcc >=15
  license: MIT
  license_family: MIT
  run_exports:
    weak:
    - libffi >=3.7.0,<3.8.0a0
  size: 68004
  timestamp: 1787753412298
- conda: https://conda.anaconda.org/conda-forge/linux-64/libgcc-16.2.0-ha9f2e26_4.conda
  sha256: 24090e675d34403b4ee1cd4372d8f6c0937da7ecfd66a19a57cac2ed0f4ea793
  md5: cba14d01083fc62ffd32c24d7d390633
  depends:
  - __glibc >=2.17,<3.0.a0
  - _openmp_mutex >=4.5
  constrains:
  - libgcc-ng ==16.2.0=*_4
  - libgomp 16.2.0 he0feb66_4
  license: GPL-3.0-only WITH GCC-exception-3.1
  license_family: GPL
  run_exports: {}
  size: 1058083
  timestamp: 1787618680111
- conda: https://conda.anaconda.org/conda-forge/linux-64/libgfortran-16.2.0-h69a702a_4.conda
  sha256: 7653be4d88a4d74676c38dd892914d027dcecc0c65c406be772d31cb641f8cfd
  md5: 5e92b8413fd1c8f8f3006f4661b12def
  depends:
  - libgfortran5 16.2.0 h6b99dfc_4
  constrains:
  - libgfortran-ng ==16.2.0=*_4
  license: GPL-3.0-only WITH GCC-exception-3.1
  license_family: GPL
  run_exports: {}
  size: 28377
  timestamp: 1787618711732
- conda: https://conda.anaconda.org/conda-forge/linux-64/libgfortran5-16.2.0-h6b99dfc_4.conda
  sha256: a5510cbcea3b9e9ab24b336429de997fa727af1dba323031500a962a20e38600
  md5: c22348a769bb072b6184eb6f7f05e4f2
  depends:
  - __glibc >=2.17,<3.0.a0
  - libgcc >=16.2.0
  constrains:
  - libgfortran 16.2.0
  license: GPL-3.0-only WITH GCC-exception-3.1
  license_family: GPL
  run_exports: {}
  size: 2526008
  timestamp: 1787618692926
- conda: https://conda.anaconda.org/conda-forge/linux-64/libhwloc-2.13.0-default_he001693_1000.conda
  sha256: 5041d295813dfb84652557839825880aae296222ab725972285c5abe3b6e4288
  md5: c197985b58bc813d26b42881f0021c82
  depends:
  - __glibc >=2.17,<3.0.a0
  - libgcc >=14
  - libstdcxx >=14
  - libxml2
  - libxml2-16 >=2.14.6
  license: BSD-3-Clause
  license_family: BSD
  run_exports:
    weak:
    - libhwloc >=2.13.0,<2.13.1.0a0
  size: 2436378
  timestamp: 1770953868164
- conda: https://conda.anaconda.org/conda-forge/linux-64/libiconv-1.18-h0cb94f2_3.conda
  sha256: f943117edb9cd4d9c61cc972eee5a34291dc55ea7a6e9e38da104995841cbcb6
  md5: f92233bf33e24a25668bb2119e2c51f9
  depends:
  - __glibc >=2.17,<3.0.a0
  - libgcc >=15
  license: LGPL-2.1-only
  run_exports:
    weak:
    - libiconv >=1.18,<2.0a0
  size: 789471
  timestamp: 1787033836207
- conda: https://conda.anaconda.org/conda-forge/linux-64/liblapack-3.11.0-10_h5e43f62_mkl.conda
  build_number: 10
  sha256: 182f78268834055d24a14f1cc233ef5df0e94d7ff66b0c4e5d4e9df8596c142d
  md5: 25dcf7345bd6c4ec965e1e5b9e105233
  depends:
  - libblas 3.11.0 10_h5875eb1_mkl
  constrains:
  - blas 2.310   mkl
  - libcblas   3.11.0   10*_mkl
  - liblapacke 3.11.0   10*_mkl
  track_features:
  - blas_mkl
  license: BSD-3-Clause
  license_family: BSD
  run_exports:
    weak:
    - liblapack >=3.11.0,<3.12.0a0
  size: 18134
  timestamp: 1788077018484
- conda: https://conda.anaconda.org/conda-forge/linux-64/liblzma-5.8.3-hb03c661_1.conda
  sha256: 9787df8c22a59c9a70d3e5a10db9ad663485e75e9ccc3f09bd092cb7b95e0dab
  md5: 1390b7c5ac0b1d8e447bc5efa6d3c8c2
  depends:
  - __glibc >=2.17,<3.0.a0
  - libgcc >=14
  constrains:
  - xz 5.8.3.*
  license: 0BSD
  run_exports:
    weak:
    - liblzma >=5.8.3,<6.0a0
  size: 112995
  timestamp: 1786348617826
- conda: https://conda.anaconda.org/conda-forge/linux-64/libmpdec-4.0.0-hb03c661_2.conda
  sha256: 46820b4a835e175940ae20bec00fdddaff804cda27a1408ab1b95e77a2196437
  md5: fcfed1dc5053eb1901b66e7b1fc32588
  depends:
  - __glibc >=2.17,<3.0.a0
  - libgcc >=14
  license: BSD-2-Clause
  license_family: BSD
  run_exports: {}
  size: 92759
  timestamp: 1786650399772
- conda: https://conda.anaconda.org/conda-forge/linux-64/libprotobuf-7.35.1-h622638d_3.conda
  sha256: 37c51fbc936a6bb8bf5f67c8f056edacaaa41e8603738bc8a4dee186292bb114
  md5: fd307b61cceb36fdca38e1718bdb2893
  depends:
  - __glibc >=2.17,<3.0.a0
  - libabseil * cxx17*
  - libabseil >=20260526.0,<20260527.0a0
  - libgcc >=15
  - libstdcxx >=15
  - libzlib >=1.3.2,<2.0a0
  license: BSD-3-Clause
  license_family: BSD
  run_exports:
    weak:
    - libprotobuf >=7.35.1,<7.35.2.0a0
  size: 3808338
  timestamp: 1787657986197
- conda: https://conda.anaconda.org/conda-forge/linux-64/libpython-3.14.7-hdc7f604_106_cp314.conda
  build_number: 106
  sha256: 5f879892bd439c3d94f4a97b06c214b9a19c4b92f74d84f0305c6ca1b2b239b2
  md5: 28af2158bb8dbb62e55b0af3b44f9d4a
  depends:
  - __glibc >=2.17,<3.0.a0
  - libgcc >=15
  - libstdcxx >=15
  license: Python-2.0
  run_exports: {}
  size: 10520530
  timestamp: 1788383918299
- conda: https://conda.anaconda.org/conda-forge/linux-64/libsqlite-3.53.4-h13e7031_1.conda
  sha256: f20d70da54e5b31dd4a51fb1efeaafafd5ab6dd8d7ac9d1438eaa2526ac4ed3d
  md5: e72bbec309c2b0f37823ee7d4fabfcd3
  depends:
  - __glibc >=2.17,<3.0.a0
  - icu >=78.3,<79.0a0
  - libgcc >=15
  - libzlib >=1.3.2,<2.0a0
  license: blessing
  run_exports:
    weak:
    - libsqlite >=3.53.4,<4.0a0
  size: 974348
  timestamp: 1787051145557
- conda: https://conda.anaconda.org/conda-forge/linux-64/libstdcxx-16.2.0-h934c35e_4.conda
  sha256: 40b792b0186c1e8859280a1f6f19a54fc50a11b32724fc7b637009c1a9bd302b
  md5: 2f2ef0d96de5bdd8c1270ff22fdf9352
  depends:
  - __glibc >=2.17,<3.0.a0
  - libgcc 16.2.0 ha9f2e26_4
  constrains:
  - libstdcxx-ng ==16.2.0=*_4
  license: GPL-3.0-only WITH GCC-exception-3.1
  license_family: GPL
  run_exports: {}
  size: 6613148
  timestamp: 1787618704262
- conda: https://conda.anaconda.org/conda-forge/linux-64/libtorch-2.13.0-cpu_mkl_h40bd1c6_102.conda
  sha256: 5c2eecda8a606b5616b724633b395d5adfb1aa5302356a13e36030b6b11fe237
  md5: ade0fe2ec049a598697733b3acff1de5
  depends:
  - __glibc >=2.17,<3.0.a0
  - _openmp_mutex * *_llvm
  - _openmp_mutex >=4.5
  - fmt >=12.1.0,<12.2.0a0
  - libabseil * cxx17*
  - libabseil >=20260526.0,<20260527.0a0
  - libblas * *mkl
  - libcblas >=3.11.0,<4.0a0
  - libgcc >=14
  - libprotobuf >=7.35.1,<7.35.2.0a0
  - libstdcxx >=14
  - libuv >=1.52.1,<2.0a0
  - libzlib >=1.3.2,<2.0a0
  - llvm-openmp >=22.1.8
  - mkl >=2026.1.0,<2027.0a0
  - onednn >=3.12,<4.0a0
  - pybind11-abi 11
  - sleef >=3.9.0,<4.0a0
  constrains:
  - pytorch 2.13.0 cpu_mkl_*_102
  - pytorch-cpu 2.13.0
  - pytorch-gpu <0.0a0
  license: BSD-3-Clause
  license_family: BSD
  run_exports:
    weak:
    - libtorch >=2.13.0,<2.14.0a0
  size: 60881910
  timestamp: 1786374025450
- conda: https://conda.anaconda.org/conda-forge/linux-64/libuuid-2.42.3-hcfc3c73_0.conda
  sha256: aa58bbba56644ffd062a4a9b358782c5eb7560ccead2ab8f7c5c6ede0a7d33a6
  md5: 74a0a409d9f4561265d36b789d3f398a
  depends:
  - __glibc >=2.17,<3.0.a0
  - libgcc >=15
  license: BSD-3-Clause
  license_family: BSD
  run_exports:
    weak:
    - libuuid >=2.42.3,<3.0a0
  size: 39998
  timestamp: 1788347719520
- conda: https://conda.anaconda.org/conda-forge/linux-64/libuv-1.52.1-h280c20c_1.conda
  sha256: 67761d0206f84140047a367eaf9befe03a7e157a29ee25aee0047b40801cc6b6
  md5: 01c4ed87826af55996768af6dbc936b4
  depends:
  - libgcc >=14
  - __glibc >=2.17,<3.0.a0
  license: MIT
  license_family: MIT
  run_exports:
    weak:
    - libuv >=1.52.1,<2.0a0
  size: 420040
  timestamp: 1785914567661
- conda: https://conda.anaconda.org/conda-forge/linux-64/libxml2-16-2.15.3-hca6bf5a_1.conda
  sha256: 087d4de023f22d6a28b9e1b818961dd41e9bda6e9793590600ff16ca150bf9cb
  md5: 20e4d67ec908f0405124f11612c48305
  depends:
  - __glibc >=2.17,<3.0.a0
  - icu >=78.3,<79.0a0
  - libgcc >=14
  - libiconv >=1.18,<2.0a0
  - liblzma >=5.8.3,<6.0a0
  - libzlib >=1.3.2,<2.0a0
  constrains:
  - libxml2 2.15.3
  license: MIT
  license_family: MIT
  run_exports: {}
  size: 559721
  timestamp: 1787237579170
- conda: https://conda.anaconda.org/conda-forge/linux-64/libxml2-2.15.3-h49c6c72_1.conda
  sha256: a16a576a5844a3a0e1cdfc5e162b9fe9c64dccf6a93f44c293bb42851aebe2b4
  md5: 2d34cdb31014cbc8f1e9384c89ede0a5
  depends:
  - __glibc >=2.17,<3.0.a0
  - icu >=78.3,<79.0a0
  - libgcc >=14
  - libiconv >=1.18,<2.0a0
  - liblzma >=5.8.3,<6.0a0
  - libxml2-16 2.15.3 hca6bf5a_1
  - libzlib >=1.3.2,<2.0a0
  license: MIT
  license_family: MIT
  run_exports:
    weak:
    - libxml2
    - libxml2-16 >=2.15.3
  size: 46203
  timestamp: 1787237584107
- conda: https://conda.anaconda.org/conda-forge/linux-64/libzlib-1.3.2-h25fd6f3_3.conda
  sha256: eb8a0db0aa570124f7d2a93d7c7f596e3390df5e047818d873baad32985fc736
  md5: 0de0122d9570a8ab637c6b73db268389
  depends:
  - __glibc >=2.17,<3.0.a0
  constrains:
  - zlib 1.3.2 *_3
  license: Zlib
  license_family: Other
  run_exports:
    weak:
    - libzlib >=1.3.2,<2.0a0
  size: 63713
  timestamp: 1785362952714
- conda: https://conda.anaconda.org/conda-forge/linux-64/llvm-openmp-23.1.0-h7148c6a_0.conda
  sha256: b6fa85a30cceca3ad7a811ab34f842b9c2ae9d9d4c520e084b62b2abe50e9a70
  md5: 58b4529023435973ab911c3c51892671
  depends:
  - __glibc >=2.17,<3.0.a0
  constrains:
  - intel-openmp <0.0a0
  - openmp 23.1.0|23.1.0.*
  license: Apache-2.0 WITH LLVM-exception
  license_family: APACHE
  run_exports:
    strong:
    - llvm-openmp >=23.1.0
    - _openmp_mutex >=4.5
    - _openmp_mutex * *_llvm
  size: 6117432
  timestamp: 1787722419188
- conda: https://conda.anaconda.org/conda-forge/linux-64/markupsafe-3.0.3-py314h67df5f8_1.conda
  sha256: c279be85b59a62d5c52f5dd9a4cd43ebd08933809a8416c22c3131595607d4cf
  md5: 9a17c4307d23318476d7fbf0fedc0cde
  depends:
  - __glibc >=2.17,<3.0.a0
  - libgcc >=14
  - python >=3.14,<3.15.0a0
  - python_abi 3.14.* *_cp314
  constrains:
  - jinja2 >=3.0.0
  license: BSD-3-Clause
  license_family: BSD
  run_exports: {}
  size: 27424
  timestamp: 1772445227915
- conda: https://conda.anaconda.org/conda-forge/linux-64/mkl-2026.1.0-hd2095e1_245.conda
  sha256: a2699b4db5f93ae7211249f5b8df4981c22765c392cc6d34c18d76994fe3b327
  md5: 5c8b5643ac9b96cd1c5b65a17337ce5c
  depends:
  - __glibc >=2.17,<3.0.a0
  - _openmp_mutex * *_llvm
  - _openmp_mutex >=4.5
  - libgcc >=15
  - libstdcxx >=15
  - llvm-openmp >=23.1.0
  - tbb >=2023.0.0
  license: LicenseRef-IntelSimplifiedSoftwareOct2022
  license_family: Proprietary
  run_exports: {}
  size: 142335878
  timestamp: 1787725704439
- conda: https://conda.anaconda.org/conda-forge/linux-64/mpc-1.4.0-ha2cb11d_1.conda
  sha256: 3d56733fe0f44159787ad086d5e7bdab8b69e6a5a9b6b873a8beb3519f3d8d07
  md5: f0f6c8691a9ed4099d1f287a444e251a
  depends:
  - __glibc >=2.17,<3.0.a0
  - gmp >=6.3.0,<7.0a0
  - libgcc >=15
  - mpfr >=4.2.2,<5.0a0
  license: LGPL-3.0-or-later
  license_family: LGPL
  run_exports:
    weak:
    - mpc >=1.4.0,<2.0a0
  size: 101074
  timestamp: 1787668090174
- conda: https://conda.anaconda.org/conda-forge/linux-64/mpfr-4.2.2-ha2cb11d_1.conda
  sha256: 0be79ef2ee536e0c5d3ddb4a52bbae9f26d08560623299f33db2f4c4a17c525a
  md5: 7dcc10f6c0bc3596d5519a710a84dfd4
  depends:
  - __glibc >=2.17,<3.0.a0
  - gmp >=6.3.0,<7.0a0
  - libgcc >=15
  license: LGPL-3.0-only
  license_family: LGPL
  run_exports:
    weak:
    - mpfr >=4.2.2,<5.0a0
  size: 730409
  timestamp: 1787236218159
- conda: https://conda.anaconda.org/conda-forge/linux-64/ncurses-6.6-hdb14827_1.conda
  sha256: 5d46557214ed184381dafe835b7c94a474a1c3b307a08a250b1ea4779b44ffb3
  md5: ee6c0cd80a60961a1f48aa3e0b91f986
  depends:
  - __glibc >=2.17,<3.0.a0
  - libgcc >=14
  license: X11 AND BSD-3-Clause
  run_exports:
    weak:
    - ncurses >=6.6,<7.0a0
  size: 911196
  timestamp: 1786355078102
- conda: https://conda.anaconda.org/conda-forge/linux-64/numpy-2.5.2-py314hd3a7d6b_1.conda
  sha256: d1d5c1e8025bb2389ade51a717f73d34f72b3fb4c6858f54ca637465b3941502
  md5: 8b80e8395626350a957f3b7ad1348cbe
  depends:
  - python
  - __glibc >=2.17,<3.0.a0
  - libgcc >=15
  - libstdcxx >=15
  - libblas >=3.9.0,<4.0a0
  - python_abi 3.14.* *_cp314
  - libcblas >=3.9.0,<4.0a0
  - liblapack >=3.9.0,<4.0a0
  constrains:
  - numpy-base <0a0
  license: BSD-3-Clause
  license_family: BSD
  run_exports:
    weak:
    - numpy >=1.25,<3
  size: 9372636
  timestamp: 1788129259187
- conda: https://conda.anaconda.org/conda-forge/linux-64/onednn-3.12-omp_h83de36e_0.conda
  sha256: 0555c7f54e7192b30412cdb462adcf2151153c03fc9f20c0d6846a9381efea56
  md5: 1edfb47e2c1cce4978bbebc467999977
  depends:
  - __glibc >=2.17,<3.0.a0
  - libgcc >=14
  - libstdcxx >=14
  license: Apache-2.0
  license_family: APACHE
  run_exports:
    weak:
    - onednn >=3.12,<4.0a0
  size: 13069211
  timestamp: 1779565995400
- conda: https://conda.anaconda.org/conda-forge/linux-64/openssl-3.6.4-h781a0a9_0.conda
  sha256: 4747b2d6a8336f52343bceb8a1ebf41a9e6e665b9d2e3f989972de53a310599e
  md5: 16e3034a330cc625f2c685edec60cf4e
  depends:
  - __glibc >=2.17,<3.0.a0
  - ca-certificates
  - libgcc >=15
  license: Apache-2.0
  license_family: Apache
  run_exports:
    weak:
    - openssl >=3.6.4,<4.0a0
  size: 3202955
  timestamp: 1787698780103
- conda: https://conda.anaconda.org/conda-forge/linux-64/optree-0.20.0-py314hb3b7642_0.conda
  sha256: 4762354030b1a3db8bacc00862d6896af8c21278c80e6c58c672fd36582b7810
  md5: 24f59b67094e10875b95aa7f087e5b0e
  depends:
  - __glibc >=2.17,<3.0.a0
  - libgcc >=15
  - libstdcxx >=15
  - python >=3.14,<3.15.0a0
  - python_abi 3.14.* *_cp314
  - typing-extensions >=4.12
  license: Apache-2.0
  license_family: Apache
  run_exports: {}
  size: 596537
  timestamp: 1787285206946
- conda: https://conda.anaconda.org/conda-forge/linux-64/python-3.14.7-hcd007b5_106_cp314.conda
  build_number: 106
  sha256: 4cd05407d6b07d00fd5b6cc78bd2f60ae5e21f777eb26ead82be2e3751c610a1
  md5: 56ee91e118243e46bfc0c41e4030d354
  depends:
  - __glibc >=2.17,<3.0.a0
  - bzip2 >=1.0.8,<2.0a0
  - ld_impl_linux-64 >=2.36.1
  - libexpat >=2.8.1,<3.0a0
  - libffi >=3.7.0,<3.8.0a0
  - libgcc >=15
  - liblzma >=5.8.3,<6.0a0
  - libmpdec >=4.0.0,<5.0a0
  - libpython 3.14.7 hdc7f604_106_cp314
  - libsqlite >=3.53.4,<4.0a0
  - libuuid >=2.42.3,<3.0a0
  - libzlib >=1.3.2,<2.0a0
  - ncurses >=6.6,<7.0a0
  - openssl >=3.5.8,<4.0a0
  - python_abi 3.14.* *_cp314
  - readline >=8.3,<9.0a0
  - tk >=8.6.13,<8.7.0a0
  - tzdata
  - zstd >=1.5.7,<1.6.0a0
  license: Python-2.0
  run_exports:
    weak:
    - python_abi 3.14.* *_cp314
    noarch:
    - python
  size: 26484459
  timestamp: 1788383955577
  python_site_packages_path: lib/python3.14/site-packages
- conda: https://conda.anaconda.org/conda-forge/linux-64/pytorch-2.13.0-cpu_mkl_py314_hf0508d8_102.conda
  sha256: 499ca024e43b044a044546a9cc64a952194f30735cd092cbfe5af23265b40e58
  md5: d90fe921465c02c5460964b3fef7e375
  depends:
  - __glibc >=2.17,<3.0.a0
  - _openmp_mutex * *_llvm
  - _openmp_mutex >=4.5
  - filelock
  - fmt >=12.1.0,<12.2.0a0
  - fsspec
  - jinja2
  - libabseil * cxx17*
  - libabseil >=20260526.0,<20260527.0a0
  - libblas * *mkl
  - libcblas >=3.11.0,<4.0a0
  - libgcc >=14
  - libprotobuf >=7.35.1,<7.35.2.0a0
  - libstdcxx >=14
  - libtorch 2.13.0 cpu_mkl_h40bd1c6_102
  - libuv >=1.52.1,<2.0a0
  - libzlib >=1.3.2,<2.0a0
  - llvm-openmp >=22.1.8
  - mkl >=2026.1.0,<2027.0a0
  - networkx
  - numpy >=1.25,<3
  - onednn >=3.12,<4.0a0
  - optree >=0.13.0
  - pybind11
  - pybind11-abi 11
  - python >=3.14,<3.15.0a0
  - python_abi 3.14.* *_cp314
  - setuptools <82
  - sleef >=3.9.0,<4.0a0
  - sympy >=1.13.3
  - typing_extensions >=4.10.0
  constrains:
  - pytorch-cpu 2.13.0
  - pytorch-gpu <0.0a0
  license: BSD-3-Clause
  license_family: BSD
  run_exports:
    weak:
    - pytorch >=2.13.0,<2.14.0a0
    - libtorch >=2.13.0,<2.14.0a0
  size: 28399652
  timestamp: 1786375527009
- conda: https://conda.anaconda.org/conda-forge/linux-64/pytorch-cpu-2.13.0-cpu_mkl_hd61e0f4_102.conda
  sha256: b98f96796acb13d0d756f68e482db63f2c341371319b2eb2cf09d742c5ab89b5
  md5: 9aacadbef9c3952fbe20e1193e4541f3
  depends:
  - pytorch 2.13.0 cpu_mkl*102
  license: BSD-3-Clause
  license_family: BSD
  run_exports: {}
  size: 57181
  timestamp: 1786375947340
- conda: https://conda.anaconda.org/conda-forge/linux-64/readline-8.3-hd6e31c0_1.conda
  sha256: 01b3fe073a66e321970d09e04b388708f8cbdca5cdfbfcb7c9eeb470ad10383d
  md5: 69c01c781e7c8190bbdaf79e3848c5ca
  depends:
  - __glibc >=2.17,<3.0.a0
  - libgcc >=15
  - ncurses >=6.6,<7.0a0
  license: GPL-3.0-only
  license_family: GPL
  run_exports:
    weak:
    - readline >=8.3,<9.0a0
  size: 348899
  timestamp: 1787033801506
- conda: https://conda.anaconda.org/conda-forge/linux-64/scipy-1.18.0-py314hf07bd8e_0.conda
  sha256: 85503102237f8515ab92319fc14609e894ac9e95e3a1398b0c49db1f9ee50877
  md5: 62c390c1f8f51240f1ebc7ba782669ad
  depends:
  - __glibc >=2.17,<3.0.a0
  - libblas >=3.9.0,<4.0a0
  - libcblas >=3.9.0,<4.0a0
  - libgcc >=14
  - libgfortran
  - libgfortran5 >=14.3.0
  - liblapack >=3.9.0,<4.0a0
  - libstdcxx >=14
  - numpy <2.7
  - numpy >=1.23,<3
  - numpy >=2.0.0
  - python >=3.14,<3.15.0a0
  - python_abi 3.14.* *_cp314
  license: BSD-3-Clause
  license_family: BSD
  run_exports: {}
  size: 17260022
  timestamp: 1781912924009
- conda: https://conda.anaconda.org/conda-forge/linux-64/sleef-3.9.0-ha0421bc_0.conda
  sha256: 57afc2ab5bdb24cf979964018dddbc5dfaee130b415e6863765e45aed2175ee4
  md5: e8a0b4f5e82ecacffaa5e805020473cb
  depends:
  - __glibc >=2.17,<3.0.a0
  - _openmp_mutex >=4.5
  - libgcc >=14
  - libstdcxx >=14
  license: BSL-1.0
  run_exports:
    weak:
    - sleef >=3.9.0,<4.0a0
  size: 1951720
  timestamp: 1756274576844
- conda: https://conda.anaconda.org/conda-forge/linux-64/tbb-2023.0.0-hab88423_2.conda
  sha256: 30cb9355c2fefc20ff1a3d6566b9714d5614086a2524c07721fc344eb20515ae
  md5: 7073b15f9364ebc118998601ac6ca6a6
  depends:
  - __glibc >=2.17,<3.0.a0
  - libgcc >=14
  - libhwloc >=2.13.0,<2.13.1.0a0
  - libstdcxx >=14
  license: Apache-2.0
  license_family: APACHE
  run_exports: {}
  size: 182331
  timestamp: 1778673758649
- conda: https://conda.anaconda.org/conda-forge/linux-64/tk-8.6.13-noxft_h1df4ec4_4.conda
  build_number: 104
  sha256: a1a241d172c1ccab067ba245206dd048bc3c2d1b84504b53c9468e99adfc16a1
  md5: 676a2f9b1c4fcf57b70aa5c65f6c60d0
  depends:
  - libgcc >=15
  - __glibc >=2.17,<3.0.a0
  - libzlib >=1.3.2,<2.0a0
  constrains:
  - xorg-libx11 >=1.8.13,<2.0a0
  license: TCL
  run_exports:
    weak:
    - tk >=8.6.13,<8.7.0a0
  size: 3566806
  timestamp: 1787272857910
- conda: https://conda.anaconda.org/conda-forge/linux-64/zstd-1.5.7-hb78ec9c_7.conda
  sha256: 47d682b9f6d6ec9eb1a6e6c3e75ea6273e899e78fb7fc59f81d39745009fbc60
  md5: aa459086047c0e5e27023ab19f8cb86a
  depends:
  - __glibc >=2.17,<3.0.a0
  - libzlib >=1.3.2,<2.0a0
  license: BSD-3-Clause
  license_family: BSD
  run_exports:
    weak:
    - zstd >=1.5.7,<1.6.0a0
  size: 601301
  timestamp: 1786599621503
- conda: https://conda.anaconda.org/conda-forge/noarch/ca-certificates-2026.7.22-hbd8a1cb_0.conda
  sha256: 0a0544cf95f64394fe4959286f5c71f5444ad58feb0602e53becb27448d24da6
  md5: 0f51e2391ade309db462a55611263e9c
  depends:
  - __unix
  license: ISC
  run_exports: {}
  size: 131780
  timestamp: 1784754889428
- conda: https://conda.anaconda.org/conda-forge/noarch/colorama-0.4.6-pyhd8ed1ab_1.conda
  sha256: ab29d57dc70786c1269633ba3dff20288b81664d3ff8d21af995742e2bb03287
  md5: 962b9857ee8e7018c22f2776ffa0b2d7
  depends:
  - python >=3.9
  license: BSD-3-Clause
  license_family: BSD
  run_exports: {}
  size: 27011
  timestamp: 1733218222191
- conda: https://conda.anaconda.org/conda-forge/noarch/cpython-3.14.7-py314hd8ed1ab_106.conda
  noarch: generic
  sha256: fd701880cf6f696420aa5b4b530dbdf0c83a16bdb50aeb760b3159eec5c416bf
  md5: 3b52b830ac00367685c08f98f50963bf
  depends:
  - python >=3.14,<3.15.0a0
  - python_abi * *_cp314
  license: Python-2.0
  run_exports: {}
  size: 51289
  timestamp: 1788383537525
- conda: https://conda.anaconda.org/conda-forge/noarch/exceptiongroup-1.3.1-pyhd8ed1ab_0.conda
  sha256: ee6cf346d017d954255bbcbdb424cddea4d14e4ed7e9813e429db1d795d01144
  md5: 8e662bd460bda79b1ea39194e3c4c9ab
  depends:
  - python >=3.10
  - typing_extensions >=4.6.0
  license: MIT and PSF-2.0
  run_exports: {}
  size: 21333
  timestamp: 1763918099466
- conda: https://conda.anaconda.org/conda-forge/noarch/filelock-3.32.5-pyhd8ed1ab_0.conda
  sha256: a52faa011a8176bbbf30c77f76707788be9a9e1a7e30c3753083719c093a15dc
  md5: 9b091d04be6b722d4ed7dfee34295dea
  depends:
  - python >=3.10
  license: Unlicense
  run_exports: {}
  size: 78858
  timestamp: 1788217445739
- conda: https://conda.anaconda.org/conda-forge/noarch/fsspec-2026.7.0-pyhd8ed1ab_0.conda
  sha256: 3cd1c985695d8114bdba2a4a38c87e86d633fadd7cfe7a6733ebb3fe807fdc86
  md5: b9176565976c773a0739bd83deaf06cc
  depends:
  - python >=3.10
  license: BSD-3-Clause
  license_family: BSD
  run_exports: {}
  size: 151868
  timestamp: 1785325238671
- conda: https://conda.anaconda.org/conda-forge/noarch/iniconfig-2.3.0-pyhd8ed1ab_0.conda
  sha256: e1a9e3b1c8fe62dc3932a616c284b5d8cbe3124bbfbedcf4ce5c828cb166ee19
  md5: 9614359868482abba1bd15ce465e3c42
  depends:
  - python >=3.10
  license: MIT
  license_family: MIT
  run_exports: {}
  size: 13387
  timestamp: 1760831448842
- conda: https://conda.anaconda.org/conda-forge/noarch/jinja2-3.1.6-pyhcf101f3_1.conda
  sha256: fc9ca7348a4f25fed2079f2153ecdcf5f9cf2a0bc36c4172420ca09e1849df7b
  md5: 04558c96691bed63104678757beb4f8d
  depends:
  - markupsafe >=2.0
  - python >=3.10
  - python
  license: BSD-3-Clause
  license_family: BSD
  run_exports: {}
  size: 120685
  timestamp: 1764517220861
- conda: https://conda.anaconda.org/conda-forge/noarch/mpmath-1.4.1-pyhd8ed1ab_0.conda
  sha256: 5bbf2f8179ec43d34d67ca8e4989d216c1bdb4b749fe6cb40e86ebf88c1b5300
  md5: 2e81b32b805f406d23ba61938a184081
  depends:
  - python >=3.10
  license: BSD-3-Clause
  license_family: BSD
  run_exports: {}
  size: 464918
  timestamp: 1773662068273
- conda: https://conda.anaconda.org/conda-forge/noarch/networkx-3.6.1-pyhcf101f3_0.conda
  sha256: f6a82172afc50e54741f6f84527ef10424326611503c64e359e25a19a8e4c1c6
  md5: a2c1eeadae7a309daed9d62c96012a2b
  depends:
  - python >=3.11
  - python
  constrains:
  - numpy >=1.25
  - scipy >=1.11.2
  - matplotlib-base >=3.8
  - pandas >=2.0
  license: BSD-3-Clause
  license_family: BSD
  run_exports: {}
  size: 1587439
  timestamp: 1765215107045
- conda: https://conda.anaconda.org/conda-forge/noarch/packaging-26.3-pyhc364b38_0.conda
  sha256: c432626b16768b8dab228bfb706f7060c2d462a21c516d240f68f2f902b5a044
  md5: 936687ed80f295a1f5dbcf8bd34c252c
  depends:
  - python >=3.9
  - python
  license: Apache-2.0
  license_family: APACHE
  run_exports: {}
  size: 116363
  timestamp: 1785888127370
- conda: https://conda.anaconda.org/conda-forge/noarch/pluggy-1.6.0-pyhf9edf01_1.conda
  sha256: e14aafa63efa0528ca99ba568eaf506eb55a0371d12e6250aaaa61718d2eb62e
  md5: d7585b6550ad04c8c5e21097ada2888e
  depends:
  - python >=3.9
  - python
  license: MIT
  license_family: MIT
  run_exports: {}
  size: 25877
  timestamp: 1764896838868
- conda: https://conda.anaconda.org/conda-forge/noarch/pybind11-3.0.4-pyh293190f_0.conda
  sha256: f213f735f0c2b9bfcc1358c8bdeb0dfcf3614bf2c47aad68227dabea99b0e0d7
  md5: 2e57132f130bffcb5a8b17092b2871bc
  depends:
  - python >=3.8
  - pybind11-global ==3.0.4 *_0
  - python
  constrains:
  - pybind11-abi ==11
  license: BSD-3-Clause
  license_family: BSD
  run_exports: {}
  size: 251088
  timestamp: 1786199539429
- conda: https://conda.anaconda.org/conda-forge/noarch/pybind11-abi-11-hc364b38_1.conda
  sha256: 9e7fe12f727acd2787fb5816b2049cef4604b7a00ad3e408c5e709c298ce8bf1
  md5: f0599959a2447c1e544e216bddf393fa
  license: BSD-3-Clause
  license_family: BSD
  run_exports:
    weak:
    - pybind11-abi ==11
  size: 14671
  timestamp: 1752769938071
- conda: https://conda.anaconda.org/conda-forge/noarch/pybind11-global-3.0.4-pyh648e204_0.conda
  sha256: 25e887672e68188a5fa899efdc116acb01d689989493342aac05781ec1f09b81
  md5: e594cb485091100204e0b77cb5709896
  depends:
  - python >=3.8
  - __unix
  - python
  constrains:
  - pybind11-abi ==11
  license: BSD-3-Clause
  license_family: BSD
  run_exports: {}
  size: 244363
  timestamp: 1786199539429
- conda: https://conda.anaconda.org/conda-forge/noarch/pygments-2.21.0-pyhcf101f3_0.conda
  sha256: f5f015ff1bc3e1b7fc08eee096b1865234189ae0b82bebdb86a5369116e42fa0
  md5: 2882dee445dfa45b0c5afce3ffb7730a
  depends:
  - python >=3.10
  - python
  license: BSD-2-Clause
  license_family: BSD
  run_exports: {}
  size: 959376
  timestamp: 1786995678795
- conda: https://conda.anaconda.org/conda-forge/noarch/pytest-9.1.1-pyhc364b38_2.conda
  sha256: 430051d80765207a7d782b2b188230ba1489d35c6e75fd9903f76cb9fda4af16
  md5: 64c98a12c4e23eb238bf66bbecafdf3c
  depends:
  - colorama
  - pygments >=2.7.2
  - python >=3.10
  - iniconfig >=1.0.1
  - packaging >=22
  - pluggy >=1.5,<2
  - tomli >=1
  - exceptiongroup >=1
  - python
  constrains:
  - pytest-faulthandler >=2
  license: MIT
  license_family: MIT
  run_exports: {}
  size: 306724
  timestamp: 1782127176429
- conda: https://conda.anaconda.org/conda-forge/noarch/python_abi-3.14-9_cp314.conda
  build_number: 9
  sha256: e7f8e965bbfb98e08feb2365cacdad8bb218fa5b5a0a2752f747287f425f213c
  md5: 350d89b50d7de805abf2e63e29dee451
  constrains:
  - python 3.14.* *_cp314
  license: BSD-3-Clause
  license_family: BSD
  run_exports: {}
  size: 6791
  timestamp: 1788302824440
- conda: https://conda.anaconda.org/conda-forge/noarch/setuptools-81.0.0-pyh332efcf_0.conda
  sha256: 6ecf738d5590bf228f09c4ecd1ea91d811f8e0bd9acdef341bc4d6c36beb13a3
  md5: d629a398d7bf872f9ed7b27ab959de15
  depends:
  - python >=3.10
  license: MIT
  license_family: MIT
  run_exports: {}
  size: 676888
  timestamp: 1770456470072
- conda: https://conda.anaconda.org/conda-forge/noarch/sympy-1.14.0-pyh2585a3b_106.conda
  sha256: 1c8057e6875eba958aa8b3c1a072dc9a75d013f209c26fd8125a5ebd3abbec0c
  md5: 32d866e43b25275f61566b9391ccb7b5
  depends:
  - __unix
  - cpython
  - gmpy2 >=2.0.8
  - mpmath >=1.1.0,<1.5
  - python >=3.10
  license: BSD-3-Clause
  license_family: BSD
  run_exports: {}
  size: 4661767
  timestamp: 1771952371059
- conda: https://conda.anaconda.org/conda-forge/noarch/tomli-2.4.1-pyhcf101f3_0.conda
  sha256: 91cafdb64268e43e0e10d30bd1bef5af392e69f00edd34dfaf909f69ab2da6bd
  md5: b5325cf06a000c5b14970462ff5e4d58
  depends:
  - python >=3.10
  - python
  license: MIT
  license_family: MIT
  run_exports: {}
  size: 21561
  timestamp: 1774492402955
- conda: https://conda.anaconda.org/conda-forge/noarch/tqdm-4.70.0-pyh8f84b5b_0.conda
  sha256: a4d9e9da15b13f1ab047e7db412e2ed564bc615832e80213cf129b973c3abf4a
  md5: 00953c3b729e03b0ae21f49fdf3441bb
  depends:
  - python >=3.10
  - __unix
  - python
  constrains:
  - envwrap >=0.2
  - ipywidgets >=6.0
  license: MPL-2.0 and MIT
  run_exports: {}
  size: 98184
  timestamp: 1785172528905
- conda: https://conda.anaconda.org/conda-forge/noarch/typing-extensions-4.16.0-h69aa097_0.conda
  sha256: b141933ece3518f6d7b75dfb59451e2f26b405a44c18e2518a83e9a02e09315c
  md5: c680b5747e8c4c8f23dca0bb7042a8fc
  depends:
  - typing_extensions ==4.16.0 pyhcf101f3_0
  license: PSF-2.0
  license_family: PSF
  run_exports: {}
  size: 94080
  timestamp: 1783002732887
- conda: https://conda.anaconda.org/conda-forge/noarch/typing_extensions-4.16.0-pyhcf101f3_0.conda
  sha256: 2d888f90af0686044882c74193ec80a90ec1943145d94a7b1b048958acda1848
  md5: c70ad746c22219b9700931707482992c
  depends:
  - python >=3.10
  - python
  license: PSF-2.0
  license_family: PSF
  run_exports: {}
  size: 52631
  timestamp: 1783002732887
- conda: https://conda.anaconda.org/conda-forge/noarch/tzdata-2026c-h151e31d_0.conda
  sha256: b928c30ddcb0e3f544c6eade8352737e6e610e263276b90232db6a578ef899d8
  md5: fcb489df604d100968b737f2cb6076c6
  license: LicenseRef-Public-Domain
  run_exports: {}
  size: 118849
  timestamp: 1784250406640
